
Microsoft Visual Studio Solution File, Format Version 12.00
# Visual Studio Version 16
VisualStudioVersion = 16.0.30413.136
MinimumVisualStudioVersion = 10.0.40219.1
Project("{FAE04EC0-301F-11D3-BF4B-00C04F79EFBC}") = "Squad55", "Squad55.csproj", "{80AF2EBB-BA81-4C4F-9C5B-E106888AE58D}"
EndProject
Global
	GlobalSection(SolutionConfigurationPlatforms) = preSolution
		Debug|Any CPU = Debug|Any CPU
		Release|Any CPU = Release|Any CPU
	EndGlobalSection
	GlobalSection(ProjectConfigurationPlatforms) = postSolution
		{80AF2EBB-BA81-4C4F-9C5B-E106888AE58D}.Debug|Any CPU.ActiveCfg = Debug|Any CPU
		{80AF2EBB-BA81-4C4F-9C5B-E106888AE58D}.Debug|Any CPU.Build.0 = Debug|Any CPU
		{80AF2EBB-BA81-4C4F-9C5B-E106888AE58D}.Release|Any CPU.ActiveCfg = Release|Any CPU
		{80AF2EBB-BA81-4C4F-9C5B-E106888AE58D}.Release|Any CPU.Build.0 = Release|Any CPU
	EndGlobalSection
	GlobalSection(SolutionProperties) = preSolution
		HideSolutionNode = FALSE
	EndGlobalSection
	GlobalSection(ExtensibilityGlobals) = postSolution
		SolutionGuid = {961293DF-4126-4152-ADB4-C3085AE54EBD}
	EndGlobalSection
EndGlobal
